
Microsoft Visual Studio Solution File, Format Version 12.00
# Visual Studio Version 17
VisualStudioVersion = 17.13.35818.85
MinimumVisualStudioVersion = 10.0.40219.1
Project("{FAE04EC0-301F-11D3-BF4B-00C04F79EFBC}") = "T-Shirt E-commerce", "T-Shirt E-commerce\T-Shirt E-commerce.csproj", "{1768EDDA-EBCC-45B3-9FC6-A230449239CE}"
EndProject
Global
	GlobalSection(SolutionConfigurationPlatforms) = preSolution
		Debug|Any CPU = Debug|Any CPU
		Release|Any CPU = Release|Any CPU
	EndGlobalSection
	GlobalSection(ProjectConfigurationPlatforms) = postSolution
		{1768EDDA-EBCC-45B3-9FC6-A230449239CE}.Debug|Any CPU.ActiveCfg = Debug|Any CPU
		{1768EDDA-EBCC-45B3-9FC6-A230449239CE}.Debug|Any CPU.Build.0 = Debug|Any CPU
		{1768EDDA-EBCC-45B3-9FC6-A230449239CE}.Release|Any CPU.ActiveCfg = Release|Any CPU
		{1768EDDA-EBCC-45B3-9FC6-A230449239CE}.Release|Any CPU.Build.0 = Release|Any CPU
	EndGlobalSection
	GlobalSection(SolutionProperties) = preSolution
		HideSolutionNode = FALSE
	EndGlobalSection
	GlobalSection(ExtensibilityGlobals) = postSolution
		SolutionGuid = {45807C1A-785C-4E86-87F5-DA0A60A0B41A}
	EndGlobalSection
EndGlobal
